{
  "name": "omp-plugins",
  "lockfileVersion": 3,
  "requires": true,
  "packages": {
    "": {
      "name": "omp-plugins",
      "dependencies": {
        "@ryan_nookpi/pi-extension-headroom": "^0.1.5"
      }
    },
    "node_modules/@ryan_nookpi/pi-extension-headroom": {
      "version": "0.1.5",
      "resolved": "https://registry.npmjs.org/@ryan_nookpi/pi-extension-headroom/-/pi-extension-headroom-0.1.5.tgz",
      "integrity": "sha512-obeg43GjxgWefBK63kVRGcqn31mSD0kx3ldy8i/Glxuc7mAgX9wXYYsSTg1soJtuNY45uUXld7Vh5WeO3ESeow==",
      "license": "MIT",
      "peerDependencies": {
        "@earendil-works/pi-ai": "*",
        "@earendil-works/pi-coding-agent": "*"
      },
      "peerDependenciesMeta": {
        "@earendil-works/pi-ai": {
          "optional": true
        },
        "@earendil-works/pi-coding-agent": {
          "optional": true
        }
      }
    }
  }
}
